<?xml version="1.0" encoding="utf-8"?>
<Project ToolsVersion="4.0" xmlns="http://schemas.microsoft.com/developer/msbuild/2003">
  <ItemGroup>
    <Filter Include="Source Files">
      <UniqueIdentifier>{4FC737F1-C7A5-4376-A066-2A32D752A2FF}</UniqueIdentifier>
      <Extensions>cpp;c;cc;cxx;def;odl;idl;hpj;bat;asm;asmx</Extensions>
    </Filter>
    <Filter Include="Header Files">
      <UniqueIdentifier>{93995380-89BD-4b04-88EB-625FBE52EBFB}</UniqueIdentifier>
      <Extensions>h;hh;hpp;hxx;hm;inl;inc;xsd</Extensions>
    </Filter>
    <Filter Include="Resource Files">
      <UniqueIdentifier>{67DA6AB6-F800-4c08-8B7A-83BB121AAD01}</UniqueIdentifier>
      <Extensions>rc;ico;cur;bmp;dlg;rc2;rct;bin;rgs;gif;jpg;jpeg;jpe;resx;tiff;tif;png;wav</Extensions>
    </Filter>
  </ItemGroup>
  <ItemGroup>
    <ClCompile Include="game.cpp">
      <Filter>Source Files</Filter>
    </ClCompile>
    <ClCompile Include="phase-1_2-testCode.cpp">
      <Filter>Source Files</Filter>
    </ClCompile>
    <ClCompile Include="armies\AlienArmy.cpp">
      <Filter>Source Files</Filter>
    </ClCompile>
    <ClCompile Include="armies\EarthArmy.cpp">
      <Filter>Source Files</Filter>
    </ClCompile>
    <ClCompile Include="lists\AlienDroneList.cpp">
      <Filter>Source Files</Filter>
    </ClCompile>
    <ClCompile Include="lists\AlienMonsterList.cpp">
      <Filter>Source Files</Filter>
    </ClCompile>
    <ClCompile Include="lists\AlienSoldierList.cpp">
      <Filter>Source Files</Filter>
    </ClCompile>
    <ClCompile Include="lists\EarthGunneryList.cpp">
      <Filter>Source Files</Filter>
    </ClCompile>
    <ClCompile Include="lists\EarthSoldierList.cpp">
      <Filter>Source Files</Filter>
    </ClCompile>
    <ClCompile Include="lists\EarthTankList.cpp">
      <Filter>Source Files</Filter>
    </ClCompile>
    <ClCompile Include="lists\KilledList.cpp">
      <Filter>Source Files</Filter>
    </ClCompile>
    <ClCompile Include="random_generator\randomGen.cpp">
      <Filter>Source Files</Filter>
    </ClCompile>
    <ClCompile Include="units\AlienDrone.cpp">
      <Filter>Source Files</Filter>
    </ClCompile>
    <ClCompile Include="units\AlienMonster.cpp">
      <Filter>Source Files</Filter>
    </ClCompile>
    <ClCompile Include="units\AlienSoldier.cpp">
      <Filter>Source Files</Filter>
    </ClCompile>
    <ClCompile Include="units\EarthGunnery.cpp">
      <Filter>Source Files</Filter>
    </ClCompile>
    <ClCompile Include="units\EarthSoldier.cpp">
      <Filter>Source Files</Filter>
    </ClCompile>
    <ClCompile Include="units\EarthTank.cpp">
      <Filter>Source Files</Filter>
    </ClCompile>
    <ClCompile Include="units\Unit.cpp">
      <Filter>Source Files</Filter>
    </ClCompile>
    <ClCompile Include="lists\HealList.cpp">
      <Filter>Source Files</Filter>
    </ClCompile>
    <ClCompile Include="lists\TankMaintainList.cpp">
      <Filter>Source Files</Filter>
    </ClCompile>
    <ClCompile Include="lists\EarthSoldierMaintainList.cpp">
      <Filter>Source Files</Filter>
    </ClCompile>
    <ClCompile Include="units\EarthHeal.cpp">
      <Filter>Source Files</Filter>
    </ClCompile>
  </ItemGroup>
  <ItemGroup>
    <ClInclude Include="game.h">
      <Filter>Header Files</Filter>
    </ClInclude>
    <ClInclude Include="armies\AlienArmy.h">
      <Filter>Header Files</Filter>
    </ClInclude>
    <ClInclude Include="armies\EarthArmy.h">
      <Filter>Header Files</Filter>
    </ClInclude>
    <ClInclude Include="lists\AlienDroneList.h">
      <Filter>Header Files</Filter>
    </ClInclude>
    <ClInclude Include="lists\AlienMonsterList.h">
      <Filter>Header Files</Filter>
    </ClInclude>
    <ClInclude Include="lists\AlienSoldierList.h">
      <Filter>Header Files</Filter>
    </ClInclude>
    <ClInclude Include="lists\EarthGunneryList.h">
      <Filter>Header Files</Filter>
    </ClInclude>
    <ClInclude Include="lists\EarthSoldierList.h">
      <Filter>Header Files</Filter>
    </ClInclude>
    <ClInclude Include="lists\EarthTankList.h">
      <Filter>Header Files</Filter>
    </ClInclude>
    <ClInclude Include="lists\KilledList.h">
      <Filter>Header Files</Filter>
    </ClInclude>
    <ClInclude Include="random_generator\randomGen.h">
      <Filter>Header Files</Filter>
    </ClInclude>
    <ClInclude Include="structures\ArrayBag.h">
      <Filter>Header Files</Filter>
    </ClInclude>
    <ClInclude Include="structures\ArrayStack.h">
      <Filter>Header Files</Filter>
    </ClInclude>
    <ClInclude Include="structures\BagADT.h">
      <Filter>Header Files</Filter>
    </ClInclude>
    <ClInclude Include="structures\Deque.h">
      <Filter>Header Files</Filter>
    </ClInclude>
    <ClInclude Include="structures\DequeADT.h">
      <Filter>Header Files</Filter>
    </ClInclude>
    <ClInclude Include="structures\DoublyNode.h">
      <Filter>Header Files</Filter>
    </ClInclude>
    <ClInclude Include="structures\LinkedQueue.h">
      <Filter>Header Files</Filter>
    </ClInclude>
    <ClInclude Include="structures\Node.h">
      <Filter>Header Files</Filter>
    </ClInclude>
    <ClInclude Include="structures\PriNode.h">
      <Filter>Header Files</Filter>
    </ClInclude>
    <ClInclude Include="structures\PriQueue.h">
      <Filter>Header Files</Filter>
    </ClInclude>
    <ClInclude Include="structures\QueueADT.h">
      <Filter>Header Files</Filter>
    </ClInclude>
    <ClInclude Include="structures\StackADT.h">
      <Filter>Header Files</Filter>
    </ClInclude>
    <ClInclude Include="units\AlienDrone.h">
      <Filter>Header Files</Filter>
    </ClInclude>
    <ClInclude Include="units\AlienMonster.h">
      <Filter>Header Files</Filter>
    </ClInclude>
    <ClInclude Include="units\AlienSoldier.h">
      <Filter>Header Files</Filter>
    </ClInclude>
    <ClInclude Include="units\EarthGunnery.h">
      <Filter>Header Files</Filter>
    </ClInclude>
    <ClInclude Include="units\EarthSoldier.h">
      <Filter>Header Files</Filter>
    </ClInclude>
    <ClInclude Include="units\EarthTank.h">
      <Filter>Header Files</Filter>
    </ClInclude>
    <ClInclude Include="units\Unit.h">
      <Filter>Header Files</Filter>
    </ClInclude>
    <ClInclude Include="lists\HealList.h">
      <Filter>Header Files</Filter>
    </ClInclude>
    <ClInclude Include="lists\TankMaintainList.h">
      <Filter>Header Files</Filter>
    </ClInclude>
    <ClInclude Include="lists\EarthSoldierMaintainList.h">
      <Filter>Header Files</Filter>
    </ClInclude>
    <ClInclude Include="units\EarthHeal.h">
      <Filter>Header Files</Filter>
    </ClInclude>
  </ItemGroup>
</Project>